// !$*UTF8*$!
{
	archiveVersion = 1;
	classes = {
	};
	objectVersion = 46;
	objects = {

/* Begin PBXBuildFile section */
		1D60589F0D05DD5A006BFB54 /* Foundation.framework in Frameworks */ = {isa = PBXBuildFile; fileRef = 1D30AB110D05D00D00671497 /* Foundation.framework */; };
		1DF5F4E00D08C38300B7A737 /* UIKit.framework in Frameworks */ = {isa = PBXBuildFile; fileRef = 1DF5F4DF0D08C38300B7A737 /* UIKit.framework */; };
		288765FD0DF74451002DB57D /* CoreGraphics.framework in Frameworks */ = {isa = PBXBuildFile; fileRef = 288765FC0DF74451002DB57D /* CoreGraphics.framework */; };
		5326AEA810A23A0500278DE6 /* CoreLocation.framework in Frameworks */ = {isa = PBXBuildFile; fileRef = 5326AEA710A23A0500278DE6 /* CoreLocation.framework */; };
		53F323EB10A20EDB00E0DAE4 /* OpenAL.framework in Frameworks */ = {isa = PBXBuildFile; fileRef = 53F323EA10A20EDB00E0DAE4 /* OpenAL.framework */; };
		678E130817951530005B6D19 /* Icon@2x.png in Resources */ = {isa = PBXBuildFile; fileRef = 678E130717951530005B6D19 /* Icon@2x.png */; };
		678E130A17951536005B6D19 /* Icon.png in Resources */ = {isa = PBXBuildFile; fileRef = 678E130917951536005B6D19 /* Icon.png */; };
		678E130C1795153C005B6D19 /* Default.png in Resources */ = {isa = PBXBuildFile; fileRef = 678E130B1795153C005B6D19 /* Default.png */; };
		678E130E17951540005B6D19 /* Default@2x.png in Resources */ = {isa = PBXBuildFile; fileRef = 678E130D17951540005B6D19 /* Default@2x.png */; };
		678E131017951549005B6D19 /* Default-568h@2x~iphone.png in Resources */ = {isa = PBXBuildFile; fileRef = 678E130F17951549005B6D19 /* Default-568h@2x~iphone.png */; };
		67DFA53619F92A69003B3434 /* Accelerate.framework in Frameworks */ = {isa = PBXBuildFile; fileRef = 67DFA53419F92A5E003B3434 /* Accelerate.framework */; };
		9CF4130A7E6DA19A3DC42B9A /* ofxSmartFont.cpp in Sources */ = {isa = PBXBuildFile; fileRef = C954E0E8B7DB9D6983309883 /* ofxSmartFont.cpp */; };
		BB16EBD20F2B2A9500518274 /* OpenGLES.framework in Frameworks */ = {isa = PBXBuildFile; fileRef = BB16EBD10F2B2A9500518274 /* OpenGLES.framework */; };
		BB16EBD90F2B2AB500518274 /* QuartzCore.framework in Frameworks */ = {isa = PBXBuildFile; fileRef = BB16EBD80F2B2AB500518274 /* QuartzCore.framework */; };
		BBE5EAB80F49AD8400F28951 /* AudioToolbox.framework in Frameworks */ = {isa = PBXBuildFile; fileRef = BBE5EAB70F49AD8400F28951 /* AudioToolbox.framework */; };
		C9466C434D1CF8AB968D298D /* ofxDatGui.cpp in Sources */ = {isa = PBXBuildFile; fileRef = 26490D7CC31EF7D6ED5F925A /* ofxDatGui.cpp */; };
		D3C1C48E59CAA2D68C0DD477 /* ofxDatGuiComponent.cpp in Sources */ = {isa = PBXBuildFile; fileRef = 1A3E3B8F332A1A3C7EDF4998 /* ofxDatGuiComponent.cpp */; };
		E41D400B13B39D2100A75A5D /* AVFoundation.framework in Frameworks */ = {isa = PBXBuildFile; fileRef = E41D400613B39D2100A75A5D /* AVFoundation.framework */; };
		E41D400C13B39D2100A75A5D /* CoreMedia.framework in Frameworks */ = {isa = PBXBuildFile; fileRef = E41D400713B39D2100A75A5D /* CoreMedia.framework */; };
		E41D400D13B39D2100A75A5D /* CoreVideo.framework in Frameworks */ = {isa = PBXBuildFile; fileRef = E41D400813B39D2100A75A5D /* CoreVideo.framework */; };
		E41D400E13B39D2100A75A5D /* MapKit.framework in Frameworks */ = {isa = PBXBuildFile; fileRef = E41D400913B39D2100A75A5D /* MapKit.framework */; };
		E41D421413B3A95300A75A5D /* libofxiOS_iphoneos_Debug.a in Frameworks */ = {isa = PBXBuildFile; fileRef = E41D410213B3A0D800A75A5D /* libofxiOS_iphoneos_Debug.a */; };
		E4D8936E11527B74007E1F53 /* main.mm in Sources */ = {isa = PBXBuildFile; fileRef = E4D8936B11527B74007E1F53 /* main.mm */; };
		E4D8936F11527B74007E1F53 /* ofApp.mm in Sources */ = {isa = PBXBuildFile; fileRef = E4D8936D11527B74007E1F53 /* ofApp.mm */; };
		E930EE501C97556200D74D44 /* ConditionModule.cpp in Sources */ = {isa = PBXBuildFile; fileRef = E930EE0E1C97556200D74D44 /* ConditionModule.cpp */; };
		E930EE511C97556200D74D44 /* DisplayModule.cpp in Sources */ = {isa = PBXBuildFile; fileRef = E930EE161C97556200D74D44 /* DisplayModule.cpp */; };
		E930EE521C97556200D74D44 /* HardwareModule.cpp in Sources */ = {isa = PBXBuildFile; fileRef = E930EE181C97556200D74D44 /* HardwareModule.cpp */; };
		E930EE531C97556200D74D44 /* HardwareModuleCore.cpp in Sources */ = {isa = PBXBuildFile; fileRef = E930EE1A1C97556200D74D44 /* HardwareModuleCore.cpp */; };
		E930EE541C97556200D74D44 /* SensorModule.cpp in Sources */ = {isa = PBXBuildFile; fileRef = E930EE1D1C97556200D74D44 /* SensorModule.cpp */; };
		E930EE551C97556200D74D44 /* LogicModule.cpp in Sources */ = {isa = PBXBuildFile; fileRef = E930EE201C97556200D74D44 /* LogicModule.cpp */; };
		E930EE561C97556200D74D44 /* Module.cpp in Sources */ = {isa = PBXBuildFile; fileRef = E930EE221C97556200D74D44 /* Module.cpp */; };
		E930EE571C97556200D74D44 /* ModuleCore.cpp in Sources */ = {isa = PBXBuildFile; fileRef = E930EE241C97556200D74D44 /* ModuleCore.cpp */; };
		E930EE581C97556200D74D44 /* CounterModule.cpp in Sources */ = {isa = PBXBuildFile; fileRef = E930EE281C97556200D74D44 /* CounterModule.cpp */; };
		E930EE591C97556200D74D44 /* HapticPatternGeneratorModule.cpp in Sources */ = {isa = PBXBuildFile; fileRef = E930EE2B1C97556200D74D44 /* HapticPatternGeneratorModule.cpp */; };
		E930EE5A1C97556200D74D44 /* StringConverterModule.cpp in Sources */ = {isa = PBXBuildFile; fileRef = E930EE301C97556200D74D44 /* StringConverterModule.cpp */; };
		E930EE5B1C97556200D74D44 /* ValueModule.cpp in Sources */ = {isa = PBXBuildFile; fileRef = E930EE351C97556200D74D44 /* ValueModule.cpp */; };
		E930EE5C1C97556200D74D44 /* ModuleExporter.cpp in Sources */ = {isa = PBXBuildFile; fileRef = E930EE381C97556200D74D44 /* ModuleExporter.cpp */; };
		E930EE5D1C97556200D74D44 /* ModuleImporter.cpp in Sources */ = {isa = PBXBuildFile; fileRef = E930EE3B1C97556200D74D44 /* ModuleImporter.cpp */; };
		E930EE621C97556200D74D44 /* thunderclap.cpp in Sources */ = {isa = PBXBuildFile; fileRef = E930EE461C97556200D74D44 /* thunderclap.cpp */; };
		E930EE631C97556200D74D44 /* Connector.cpp in Sources */ = {isa = PBXBuildFile; fileRef = E930EE4C1C97556200D74D44 /* Connector.cpp */; };
		E930EE641C97556200D74D44 /* Node.cpp in Sources */ = {isa = PBXBuildFile; fileRef = E930EE4E1C97556200D74D44 /* Node.cpp */; };
		E930EE701C97574700D74D44 /* arial.ttf in Resources */ = {isa = PBXBuildFile; fileRef = E930EE671C97574700D74D44 /* arial.ttf */; };
		E930EE711C97574700D74D44 /* Verdana.ttf in Resources */ = {isa = PBXBuildFile; fileRef = E930EE6A1C97574700D74D44 /* Verdana.ttf */; };
		E930EE721C97574700D74D44 /* icon-dropdown.png in Resources */ = {isa = PBXBuildFile; fileRef = E930EE6C1C97574700D74D44 /* icon-dropdown.png */; };
		E930EE731C97574700D74D44 /* icon-radio-off.png in Resources */ = {isa = PBXBuildFile; fileRef = E930EE6D1C97574700D74D44 /* icon-radio-off.png */; };
		E930EE741C97574700D74D44 /* icon-radio-on.png in Resources */ = {isa = PBXBuildFile; fileRef = E930EE6E1C97574700D74D44 /* icon-radio-on.png */; };
		E930EE751C97574700D74D44 /* picker-rainbow.png in Resources */ = {isa = PBXBuildFile; fileRef = E930EE6F1C97574700D74D44 /* picker-rainbow.png */; };
		F22AEE6ED97C684907181FE9 /* ofxHierarchy.cpp in Sources */ = {isa = PBXBuildFile; fileRef = DF027D62430F87942CC96DFC /* ofxHierarchy.cpp */; };
/* End PBXBuildFile section */

/* Begin PBXContainerItemProxy section */
		E41D410113B3A0D800A75A5D /* PBXContainerItemProxy */ = {
			isa = PBXContainerItemProxy;
			containerPortal = E41D40FD13B3A0D800A75A5D /* iOS+OFLib.xcodeproj */;
			proxyType = 2;
			remoteGlobalIDString = BB24DED610DA7A3F00E9C588;
			remoteInfo = "iPhone+OF Static Library";
		};
		E41D410313B3A11300A75A5D /* PBXContainerItemProxy */ = {
			isa = PBXContainerItemProxy;
			containerPortal = E41D40FD13B3A0D800A75A5D /* iOS+OFLib.xcodeproj */;
			proxyType = 1;
			remoteGlobalIDString = BB24DE5C10DA7A3F00E9C588;
			remoteInfo = "iPhone+OF Static Library";
		};
/* End PBXContainerItemProxy section */

/* Begin PBXFileReference section */
		04C339FF9ADCF05DF2DA62A3 /* ofxDatGuiTextInputField.h */ = {isa = PBXFileReference; explicitFileType = sourcecode.c.h; fileEncoding = 30; name = ofxDatGuiTextInputField.h; path = ../../../addons/ofxDatGui/src/components/ofxDatGuiTextInputField.h; sourceTree = SOURCE_ROOT; };
		1A3E3B8F332A1A3C7EDF4998 /* ofxDatGuiComponent.cpp */ = {isa = PBXFileReference; explicitFileType = sourcecode.cpp.cpp; fileEncoding = 30; name = ofxDatGuiComponent.cpp; path = ../../../addons/ofxDatGui/src/core/ofxDatGuiComponent.cpp; sourceTree = SOURCE_ROOT; };
		1D30AB110D05D00D00671497 /* Foundation.framework */ = {isa = PBXFileReference; lastKnownFileType = wrapper.framework; name = Foundation.framework; path = System/Library/Frameworks/Foundation.framework; sourceTree = SDKROOT; };
		1D6058910D05DD3D006BFB54 /* AeonNodeEditor_iOS.app */ = {isa = PBXFileReference; explicitFileType = wrapper.application; includeInIndex = 0; path = AeonNodeEditor_iOS.app; sourceTree = BUILT_PRODUCTS_DIR; };
		1DF5F4DF0D08C38300B7A737 /* UIKit.framework */ = {isa = PBXFileReference; lastKnownFileType = wrapper.framework; name = UIKit.framework; path = System/Library/Frameworks/UIKit.framework; sourceTree = SDKROOT; };
		21E1E3071CB7B11914428B62 /* ofxDatGuiThemes.h */ = {isa = PBXFileReference; explicitFileType = sourcecode.c.h; fileEncoding = 30; name = ofxDatGuiThemes.h; path = ../../../addons/ofxDatGui/src/themes/ofxDatGuiThemes.h; sourceTree = SOURCE_ROOT; };
		26490D7CC31EF7D6ED5F925A /* ofxDatGui.cpp */ = {isa = PBXFileReference; explicitFileType = sourcecode.cpp.cpp; fileEncoding = 30; name = ofxDatGui.cpp; path = ../../../addons/ofxDatGui/src/ofxDatGui.cpp; sourceTree = SOURCE_ROOT; };
		288765FC0DF74451002DB57D /* CoreGraphics.framework */ = {isa = PBXFileReference; lastKnownFileType = wrapper.framework; name = CoreGraphics.framework; path = System/Library/Frameworks/CoreGraphics.framework; sourceTree = SDKROOT; };
		32CA4F630368D1EE00C91783 /* ofxiOS_Prefix.pch */ = {isa = PBXFileReference; fileEncoding = 4; lastKnownFileType = sourcecode.c.h; path = ofxiOS_Prefix.pch; sourceTree = "<group>"; };
		422C4E1AAC7EC4D30B17702D /* ofxDatGuiIntObject.h */ = {isa = PBXFileReference; explicitFileType = sourcecode.c.h; fileEncoding = 30; name = ofxDatGuiIntObject.h; path = ../../../addons/ofxDatGui/src/core/ofxDatGuiIntObject.h; sourceTree = SOURCE_ROOT; };
		5326AEA710A23A0500278DE6 /* CoreLocation.framework */ = {isa = PBXFileReference; lastKnownFileType = wrapper.framework; name = CoreLocation.framework; path = System/Library/Frameworks/CoreLocation.framework; sourceTree = SDKROOT; };
		53F323EA10A20EDB00E0DAE4 /* OpenAL.framework */ = {isa = PBXFileReference; lastKnownFileType = wrapper.framework; name = OpenAL.framework; path = System/Library/Frameworks/OpenAL.framework; sourceTree = SDKROOT; };
		545BBA6F6669BED2DA497BC6 /* ofxDatGuiScrollView.h */ = {isa = PBXFileReference; explicitFileType = sourcecode.c.h; fileEncoding = 30; name = ofxDatGuiScrollView.h; path = ../../../addons/ofxDatGui/src/components/ofxDatGuiScrollView.h; sourceTree = SOURCE_ROOT; };
		64C563B8158C37E9D07AE29D /* ofxDatGuiFRM.h */ = {isa = PBXFileReference; explicitFileType = sourcecode.c.h; fileEncoding = 30; name = ofxDatGuiFRM.h; path = ../../../addons/ofxDatGui/src/components/ofxDatGuiFRM.h; sourceTree = SOURCE_ROOT; };
		678E130717951530005B6D19 /* Icon@2x.png */ = {isa = PBXFileReference; lastKnownFileType = image.png; name = "Icon@2x.png"; path = "bin/data/Icon@2x.png"; sourceTree = "<group>"; };
		678E130917951536005B6D19 /* Icon.png */ = {isa = PBXFileReference; lastKnownFileType = image.png; name = Icon.png; path = bin/data/Icon.png; sourceTree = "<group>"; };
		678E130B1795153C005B6D19 /* Default.png */ = {isa = PBXFileReference; lastKnownFileType = image.png; name = Default.png; path = bin/data/Default.png; sourceTree = "<group>"; };
		678E130D17951540005B6D19 /* Default@2x.png */ = {isa = PBXFileReference; lastKnownFileType = image.png; name = "Default@2x.png"; path = "bin/data/Default@2x.png"; sourceTree = "<group>"; };
		678E130F17951549005B6D19 /* Default-568h@2x~iphone.png */ = {isa = PBXFileReference; lastKnownFileType = image.png; name = "Default-568h@2x~iphone.png"; path = "bin/data/Default-568h@2x~iphone.png"; sourceTree = "<group>"; };
		67DFA53419F92A5E003B3434 /* Accelerate.framework */ = {isa = PBXFileReference; lastKnownFileType = wrapper.framework; name = Accelerate.framework; path = System/Library/Frameworks/Accelerate.framework; sourceTree = SDKROOT; };
		744031A3E8F8DAF9FE6F3EA8 /* ofxDatGuiGroups.h */ = {isa = PBXFileReference; explicitFileType = sourcecode.c.h; fileEncoding = 30; name = ofxDatGuiGroups.h; path = ../../../addons/ofxDatGui/src/components/ofxDatGuiGroups.h; sourceTree = SOURCE_ROOT; };
		787315438BF1DD00C81DF413 /* ofxDatGuiLabel.h */ = {isa = PBXFileReference; explicitFileType = sourcecode.c.h; fileEncoding = 30; name = ofxDatGuiLabel.h; path = ../../../addons/ofxDatGui/src/components/ofxDatGuiLabel.h; sourceTree = SOURCE_ROOT; };
		896211FFD7650884437CE42C /* ofxSmartFont.h */ = {isa = PBXFileReference; explicitFileType = sourcecode.c.h; fileEncoding = 30; name = ofxSmartFont.h; path = ../../../addons/ofxDatGui/src/libs/ofxSmartFont/ofxSmartFont.h; sourceTree = SOURCE_ROOT; };
		902724601B82C6AD81BBCD71 /* ofxDatGui2dPad.h */ = {isa = PBXFileReference; explicitFileType = sourcecode.c.h; fileEncoding = 30; name = ofxDatGui2dPad.h; path = ../../../addons/ofxDatGui/src/components/ofxDatGui2dPad.h; sourceTree = SOURCE_ROOT; };
		912D52402F936D79D5B87129 /* ofxHierarchy.h */ = {isa = PBXFileReference; explicitFileType = sourcecode.c.h; fileEncoding = 30; name = ofxHierarchy.h; path = ../../../addons/ofxHierarchy/src/ofxHierarchy.h; sourceTree = SOURCE_ROOT; };
		9705D66270ED89ECA6E6FECE /* ofxDatGui.h */ = {isa = PBXFileReference; explicitFileType = sourcecode.c.h; fileEncoding = 30; name = ofxDatGui.h; path = ../../../addons/ofxDatGui/src/ofxDatGui.h; sourceTree = SOURCE_ROOT; };
		9B5051062C6A871714E6F5F4 /* ofxDatGuiConstants.h */ = {isa = PBXFileReference; explicitFileType = sourcecode.c.h; fileEncoding = 30; name = ofxDatGuiConstants.h; path = ../../../addons/ofxDatGui/src/core/ofxDatGuiConstants.h; sourceTree = SOURCE_ROOT; };
		B498F0559F473CF855EF6062 /* ofxDatGuiTheme.h */ = {isa = PBXFileReference; explicitFileType = sourcecode.c.h; fileEncoding = 30; name = ofxDatGuiTheme.h; path = ../../../addons/ofxDatGui/src/themes/ofxDatGuiTheme.h; sourceTree = SOURCE_ROOT; };
		BB16EBD10F2B2A9500518274 /* OpenGLES.framework */ = {isa = PBXFileReference; lastKnownFileType = wrapper.framework; name = OpenGLES.framework; path = System/Library/Frameworks/OpenGLES.framework; sourceTree = SDKROOT; };
		BB16EBD80F2B2AB500518274 /* QuartzCore.framework */ = {isa = PBXFileReference; lastKnownFileType = wrapper.framework; name = QuartzCore.framework; path = System/Library/Frameworks/QuartzCore.framework; sourceTree = SDKROOT; };
		BB24DDC910DA781C00E9C588 /* ofxiOS-Info.plist */ = {isa = PBXFileReference; fileEncoding = 4; lastKnownFileType = text.plist.xml; path = "ofxiOS-Info.plist"; sourceTree = "<group>"; };
		BBE5EAB70F49AD8400F28951 /* AudioToolbox.framework */ = {isa = PBXFileReference; lastKnownFileType = wrapper.framework; name = AudioToolbox.framework; path = System/Library/Frameworks/AudioToolbox.framework; sourceTree = SDKROOT; };
		BCC84C6EB3417706F4F762F0 /* ofxDatGuiComponent.h */ = {isa = PBXFileReference; explicitFileType = sourcecode.c.h; fileEncoding = 30; name = ofxDatGuiComponent.h; path = ../../../addons/ofxDatGui/src/core/ofxDatGuiComponent.h; sourceTree = SOURCE_ROOT; };
		C085A33340AB0C1DB647AC2F /* ofxDatGuiTextInput.h */ = {isa = PBXFileReference; explicitFileType = sourcecode.c.h; fileEncoding = 30; name = ofxDatGuiTextInput.h; path = ../../../addons/ofxDatGui/src/components/ofxDatGuiTextInput.h; sourceTree = SOURCE_ROOT; };
		C84ED7FCC017328C6F58283D /* ofxDatGuiColorPicker.h */ = {isa = PBXFileReference; explicitFileType = sourcecode.c.h; fileEncoding = 30; name = ofxDatGuiColorPicker.h; path = ../../../addons/ofxDatGui/src/components/ofxDatGuiColorPicker.h; sourceTree = SOURCE_ROOT; };
		C954E0E8B7DB9D6983309883 /* ofxSmartFont.cpp */ = {isa = PBXFileReference; explicitFileType = sourcecode.cpp.cpp; fileEncoding = 30; name = ofxSmartFont.cpp; path = ../../../addons/ofxDatGui/src/libs/ofxSmartFont/ofxSmartFont.cpp; sourceTree = SOURCE_ROOT; };
		CDF7278CB636137FE7BF91A5 /* ofxDatGuiMatrix.h */ = {isa = PBXFileReference; explicitFileType = sourcecode.c.h; fileEncoding = 30; name = ofxDatGuiMatrix.h; path = ../../../addons/ofxDatGui/src/components/ofxDatGuiMatrix.h; sourceTree = SOURCE_ROOT; };
		D0D6A66BEBA820EA1D396889 /* ofxDatGuiSlider.h */ = {isa = PBXFileReference; explicitFileType = sourcecode.c.h; fileEncoding = 30; name = ofxDatGuiSlider.h; path = ../../../addons/ofxDatGui/src/components/ofxDatGuiSlider.h; sourceTree = SOURCE_ROOT; };
		DF027D62430F87942CC96DFC /* ofxHierarchy.cpp */ = {isa = PBXFileReference; explicitFileType = sourcecode.cpp.cpp; fileEncoding = 30; name = ofxHierarchy.cpp; path = ../../../addons/ofxHierarchy/src/ofxHierarchy.cpp; sourceTree = SOURCE_ROOT; };
		E100ED9DCB412957A879CD5A /* ofxDatGuiControls.h */ = {isa = PBXFileReference; explicitFileType = sourcecode.c.h; fileEncoding = 30; name = ofxDatGuiControls.h; path = ../../../addons/ofxDatGui/src/components/ofxDatGuiControls.h; sourceTree = SOURCE_ROOT; };
		E41D3ED613B38FB500A75A5D /* Project.xcconfig */ = {isa = PBXFileReference; fileEncoding = 4; lastKnownFileType = text.xcconfig; path = Project.xcconfig; sourceTree = "<group>"; };
		E41D3EE513B3906D00A75A5D /* CoreOF.xcconfig */ = {isa = PBXFileReference; fileEncoding = 4; lastKnownFileType = text.xcconfig; name = CoreOF.xcconfig; path = ../../../libs/openFrameworksCompiled/project/ios/CoreOF.xcconfig; sourceTree = SOURCE_ROOT; };
		E41D400613B39D2100A75A5D /* AVFoundation.framework */ = {isa = PBXFileReference; lastKnownFileType = wrapper.framework; name = AVFoundation.framework; path = System/Library/Frameworks/AVFoundation.framework; sourceTree = SDKROOT; };
		E41D400713B39D2100A75A5D /* CoreMedia.framework */ = {isa = PBXFileReference; lastKnownFileType = wrapper.framework; name = CoreMedia.framework; path = System/Library/Frameworks/CoreMedia.framework; sourceTree = SDKROOT; };
		E41D400813B39D2100A75A5D /* CoreVideo.framework */ = {isa = PBXFileReference; lastKnownFileType = wrapper.framework; name = CoreVideo.framework; path = System/Library/Frameworks/CoreVideo.framework; sourceTree = SDKROOT; };
		E41D400913B39D2100A75A5D /* MapKit.framework */ = {isa = PBXFileReference; lastKnownFileType = wrapper.framework; name = MapKit.framework; path = System/Library/Frameworks/MapKit.framework; sourceTree = SDKROOT; };
		E41D40FD13B3A0D800A75A5D /* iOS+OFLib.xcodeproj */ = {isa = PBXFileReference; lastKnownFileType = "wrapper.pb-project"; name = "iOS+OFLib.xcodeproj"; path = "../../../libs/openFrameworksCompiled/project/ios/iOS+OFLib.xcodeproj"; sourceTree = SOURCE_ROOT; };
		E4A823A312561BE3002F86A2 /* CoreGraphics.framework */ = {isa = PBXFileReference; lastKnownFileType = wrapper.framework; name = CoreGraphics.framework; path = System/Library/Frameworks/CoreGraphics.framework; sourceTree = SDKROOT; };
		E4D8936B11527B74007E1F53 /* main.mm */ = {isa = PBXFileReference; fileEncoding = 4; lastKnownFileType = sourcecode.cpp.objcpp; name = main.mm; path = src/main.mm; sourceTree = SOURCE_ROOT; };
		E4D8936C11527B74007E1F53 /* ofApp.h */ = {isa = PBXFileReference; fileEncoding = 4; lastKnownFileType = sourcecode.c.h; name = ofApp.h; path = src/ofApp.h; sourceTree = SOURCE_ROOT; };
		E4D8936D11527B74007E1F53 /* ofApp.mm */ = {isa = PBXFileReference; fileEncoding = 4; lastKnownFileType = sourcecode.cpp.objcpp; name = ofApp.mm; path = src/ofApp.mm; sourceTree = SOURCE_ROOT; };
		E930EE0B1C97556200D74D44 /* AeonKitMapper.hpp */ = {isa = PBXFileReference; fileEncoding = 4; lastKnownFileType = sourcecode.cpp.h; path = AeonKitMapper.hpp; sourceTree = "<group>"; };
		E930EE0E1C97556200D74D44 /* ConditionModule.cpp */ = {isa = PBXFileReference; fileEncoding = 4; lastKnownFileType = sourcecode.cpp.cpp; path = ConditionModule.cpp; sourceTree = "<group>"; };
		E930EE0F1C97556200D74D44 /* ConditionModule.hpp */ = {isa = PBXFileReference; fileEncoding = 4; lastKnownFileType = sourcecode.cpp.h; path = ConditionModule.hpp; sourceTree = "<group>"; };
		E930EE161C97556200D74D44 /* DisplayModule.cpp */ = {isa = PBXFileReference; fileEncoding = 4; lastKnownFileType = sourcecode.cpp.cpp; path = DisplayModule.cpp; sourceTree = "<group>"; };
		E930EE171C97556200D74D44 /* DisplayModule.hpp */ = {isa = PBXFileReference; fileEncoding = 4; lastKnownFileType = sourcecode.cpp.h; path = DisplayModule.hpp; sourceTree = "<group>"; };
		E930EE181C97556200D74D44 /* HardwareModule.cpp */ = {isa = PBXFileReference; fileEncoding = 4; lastKnownFileType = sourcecode.cpp.cpp; path = HardwareModule.cpp; sourceTree = "<group>"; };
		E930EE191C97556200D74D44 /* HardwareModule.hpp */ = {isa = PBXFileReference; fileEncoding = 4; lastKnownFileType = sourcecode.cpp.h; path = HardwareModule.hpp; sourceTree = "<group>"; };
		E930EE1A1C97556200D74D44 /* HardwareModuleCore.cpp */ = {isa = PBXFileReference; fileEncoding = 4; lastKnownFileType = sourcecode.cpp.cpp; path = HardwareModuleCore.cpp; sourceTree = "<group>"; };
		E930EE1B1C97556200D74D44 /* HardwareModuleCore.hpp */ = {isa = PBXFileReference; fileEncoding = 4; lastKnownFileType = sourcecode.cpp.h; path = HardwareModuleCore.hpp; sourceTree = "<group>"; };
		E930EE1D1C97556200D74D44 /* SensorModule.cpp */ = {isa = PBXFileReference; fileEncoding = 4; lastKnownFileType = sourcecode.cpp.cpp; path = SensorModule.cpp; sourceTree = "<group>"; };
		E930EE1E1C97556200D74D44 /* SensorModule.hpp */ = {isa = PBXFileReference; fileEncoding = 4; lastKnownFileType = sourcecode.cpp.h; path = SensorModule.hpp; sourceTree = "<group>"; };
		E930EE201C97556200D74D44 /* LogicModule.cpp */ = {isa = PBXFileReference; fileEncoding = 4; lastKnownFileType = sourcecode.cpp.cpp; path = LogicModule.cpp; sourceTree = "<group>"; };
		E930EE211C97556200D74D44 /* LogicModule.hpp */ = {isa = PBXFileReference; fileEncoding = 4; lastKnownFileType = sourcecode.cpp.h; path = LogicModule.hpp; sourceTree = "<group>"; };
		E930EE221C97556200D74D44 /* Module.cpp */ = {isa = PBXFileReference; fileEncoding = 4; lastKnownFileType = sourcecode.cpp.cpp; path = Module.cpp; sourceTree = "<group>"; };
		E930EE231C97556200D74D44 /* Module.hpp */ = {isa = PBXFileReference; fileEncoding = 4; lastKnownFileType = sourcecode.cpp.h; path = Module.hpp; sourceTree = "<group>"; };
		E930EE241C97556200D74D44 /* ModuleCore.cpp */ = {isa = PBXFileReference; fileEncoding = 4; lastKnownFileType = sourcecode.cpp.cpp; path = ModuleCore.cpp; sourceTree = "<group>"; };
		E930EE251C97556200D74D44 /* ModuleCore.hpp */ = {isa = PBXFileReference; fileEncoding = 4; lastKnownFileType = sourcecode.cpp.h; path = ModuleCore.hpp; sourceTree = "<group>"; };
		E930EE281C97556200D74D44 /* CounterModule.cpp */ = {isa = PBXFileReference; fileEncoding = 4; lastKnownFileType = sourcecode.cpp.cpp; path = CounterModule.cpp; sourceTree = "<group>"; };
		E930EE291C97556200D74D44 /* CounterModule.hpp */ = {isa = PBXFileReference; fileEncoding = 4; lastKnownFileType = sourcecode.cpp.h; path = CounterModule.hpp; sourceTree = "<group>"; };
		E930EE2B1C97556200D74D44 /* HapticPatternGeneratorModule.cpp */ = {isa = PBXFileReference; fileEncoding = 4; lastKnownFileType = sourcecode.cpp.cpp; path = HapticPatternGeneratorModule.cpp; sourceTree = "<group>"; };
		E930EE2C1C97556200D74D44 /* HapticPatternGeneratorModule.hpp */ = {isa = PBXFileReference; fileEncoding = 4; lastKnownFileType = sourcecode.cpp.h; path = HapticPatternGeneratorModule.hpp; sourceTree = "<group>"; };
		E930EE301C97556200D74D44 /* StringConverterModule.cpp */ = {isa = PBXFileReference; fileEncoding = 4; lastKnownFileType = sourcecode.cpp.cpp; path = StringConverterModule.cpp; sourceTree = "<group>"; };
		E930EE311C97556200D74D44 /* StringConverterModule.hpp */ = {isa = PBXFileReference; fileEncoding = 4; lastKnownFileType = sourcecode.cpp.h; path = StringConverterModule.hpp; sourceTree = "<group>"; };
		E930EE351C97556200D74D44 /* ValueModule.cpp */ = {isa = PBXFileReference; fileEncoding = 4; lastKnownFileType = sourcecode.cpp.cpp; path = ValueModule.cpp; sourceTree = "<group>"; };
		E930EE361C97556200D74D44 /* ValueModule.hpp */ = {isa = PBXFileReference; fileEncoding = 4; lastKnownFileType = sourcecode.cpp.h; path = ValueModule.hpp; sourceTree = "<group>"; };
		E930EE381C97556200D74D44 /* ModuleExporter.cpp */ = {isa = PBXFileReference; fileEncoding = 4; lastKnownFileType = sourcecode.cpp.cpp; path = ModuleExporter.cpp; sourceTree = "<group>"; };
		E930EE391C97556200D74D44 /* ModuleExporter.hpp */ = {isa = PBXFileReference; fileEncoding = 4; lastKnownFileType = sourcecode.cpp.h; path = ModuleExporter.hpp; sourceTree = "<group>"; };
		E930EE3B1C97556200D74D44 /* ModuleImporter.cpp */ = {isa = PBXFileReference; fileEncoding = 4; lastKnownFileType = sourcecode.cpp.cpp; path = ModuleImporter.cpp; sourceTree = "<group>"; };
		E930EE3C1C97556200D74D44 /* ModuleImporter.hpp */ = {isa = PBXFileReference; fileEncoding = 4; lastKnownFileType = sourcecode.cpp.h; path = ModuleImporter.hpp; sourceTree = "<group>"; };
		E930EE461C97556200D74D44 /* thunderclap.cpp */ = {isa = PBXFileReference; fileEncoding = 4; lastKnownFileType = sourcecode.cpp.cpp; path = thunderclap.cpp; sourceTree = "<group>"; };
		E930EE471C97556200D74D44 /* thunderclap.h */ = {isa = PBXFileReference; fileEncoding = 4; lastKnownFileType = sourcecode.c.h; path = thunderclap.h; sourceTree = "<group>"; };
		E930EE4C1C97556200D74D44 /* Connector.cpp */ = {isa = PBXFileReference; fileEncoding = 4; lastKnownFileType = sourcecode.cpp.cpp; path = Connector.cpp; sourceTree = "<group>"; };
		E930EE4D1C97556200D74D44 /* Connector.hpp */ = {isa = PBXFileReference; fileEncoding = 4; lastKnownFileType = sourcecode.cpp.h; path = Connector.hpp; sourceTree = "<group>"; };
		E930EE4E1C97556200D74D44 /* Node.cpp */ = {isa = PBXFileReference; fileEncoding = 4; lastKnownFileType = sourcecode.cpp.cpp; path = Node.cpp; sourceTree = "<group>"; };
		E930EE4F1C97556200D74D44 /* Node.hpp */ = {isa = PBXFileReference; fileEncoding = 4; lastKnownFileType = sourcecode.cpp.h; path = Node.hpp; sourceTree = "<group>"; };
		E930EE671C97574700D74D44 /* arial.ttf */ = {isa = PBXFileReference; lastKnownFileType = file; name = arial.ttf; path = bin/data/arial.ttf; sourceTree = "<group>"; };
		E930EE6A1C97574700D74D44 /* Verdana.ttf */ = {isa = PBXFileReference; lastKnownFileType = file; path = Verdana.ttf; sourceTree = "<group>"; };
		E930EE6C1C97574700D74D44 /* icon-dropdown.png */ = {isa = PBXFileReference; lastKnownFileType = image.png; path = "icon-dropdown.png"; sourceTree = "<group>"; };
		E930EE6D1C97574700D74D44 /* icon-radio-off.png */ = {isa = PBXFileReference; lastKnownFileType = image.png; path = "icon-radio-off.png"; sourceTree = "<group>"; };
		E930EE6E1C97574700D74D44 /* icon-radio-on.png */ = {isa = PBXFileReference; lastKnownFileType = image.png; path = "icon-radio-on.png"; sourceTree = "<group>"; };
		E930EE6F1C97574700D74D44 /* picker-rainbow.png */ = {isa = PBXFileReference; lastKnownFileType = image.png; path = "picker-rainbow.png"; sourceTree = "<group>"; };
		F59384ED57A7C6A7A8B0351D /* ofxDatGuiEvents.h */ = {isa = PBXFileReference; explicitFileType = sourcecode.c.h; fileEncoding = 30; name = ofxDatGuiEvents.h; path = ../../../addons/ofxDatGui/src/core/ofxDatGuiEvents.h; sourceTree = SOURCE_ROOT; };
		FDA86F4C2F1F1964D35391C6 /* ofxDatGuiButton.h */ = {isa = PBXFileReference; explicitFileType = sourcecode.c.h; fileEncoding = 30; name = ofxDatGuiButton.h; path = ../../../addons/ofxDatGui/src/components/ofxDatGuiButton.h; sourceTree = SOURCE_ROOT; };
/* End PBXFileReference section */

/* Begin PBXFrameworksBuildPhase section */
		1D60588F0D05DD3D006BFB54 /* Frameworks */ = {
			isa = PBXFrameworksBuildPhase;
			buildActionMask = 2147483647;
			files = (
				E41D421413B3A95300A75A5D /* libofxiOS_iphoneos_Debug.a in Frameworks */,
				1D60589F0D05DD5A006BFB54 /* Foundation.framework in Frameworks */,
				1DF5F4E00D08C38300B7A737 /* UIKit.framework in Frameworks */,
				288765FD0DF74451002DB57D /* CoreGraphics.framework in Frameworks */,
				BB16EBD20F2B2A9500518274 /* OpenGLES.framework in Frameworks */,
				BB16EBD90F2B2AB500518274 /* QuartzCore.framework in Frameworks */,
				BBE5EAB80F49AD8400F28951 /* AudioToolbox.framework in Frameworks */,
				53F323EB10A20EDB00E0DAE4 /* OpenAL.framework in Frameworks */,
				5326AEA810A23A0500278DE6 /* CoreLocation.framework in Frameworks */,
				E41D400B13B39D2100A75A5D /* AVFoundation.framework in Frameworks */,
				E41D400C13B39D2100A75A5D /* CoreMedia.framework in Frameworks */,
				E41D400D13B39D2100A75A5D /* CoreVideo.framework in Frameworks */,
				E41D400E13B39D2100A75A5D /* MapKit.framework in Frameworks */,
				67DFA53619F92A69003B3434 /* Accelerate.framework in Frameworks */,
			);
			runOnlyForDeploymentPostprocessing = 0;
		};
/* End PBXFrameworksBuildPhase section */

/* Begin PBXGroup section */
		0EF29D3ABD6E4147AE024D7A /* ofxSmartFont */ = {
			isa = PBXGroup;
			children = (
				C954E0E8B7DB9D6983309883 /* ofxSmartFont.cpp */,
				896211FFD7650884437CE42C /* ofxSmartFont.h */,
			);
			name = ofxSmartFont;
			sourceTree = "<group>";
		};
		19C28FACFE9D520D11CA2CBB /* Products */ = {
			isa = PBXGroup;
			children = (
				1D6058910D05DD3D006BFB54 /* AeonNodeEditor_iOS.app */,
			);
			name = Products;
			sourceTree = "<group>";
		};
		29B97314FDCFA39411CA2CEA /* CustomTemplate */ = {
			isa = PBXGroup;
			children = (
				678E130917951536005B6D19 /* Icon.png */,
				678E130717951530005B6D19 /* Icon@2x.png */,
				678E130B1795153C005B6D19 /* Default.png */,
				678E130D17951540005B6D19 /* Default@2x.png */,
				678E130F17951549005B6D19 /* Default-568h@2x~iphone.png */,
				E930EE671C97574700D74D44 /* arial.ttf */,
				E930EE681C97574700D74D44 /* ofxbraitsch */,
				E4D8936A11527B74007E1F53 /* src */,
				BB24E1F710DAA51900E9C588 /* openFrameworks */,
				BB16F26B0F2B646B00518274 /* addons */,
				BB16E9930F2B1E5900518274 /* libs */,
				19C28FACFE9D520D11CA2CBB /* Products */,
			);
			name = CustomTemplate;
			sourceTree = "<group>";
		};
		29B97323FDCFA39411CA2CEA /* core frameworks */ = {
			isa = PBXGroup;
			children = (
				E41D400613B39D2100A75A5D /* AVFoundation.framework */,
				E41D400713B39D2100A75A5D /* CoreMedia.framework */,
				E41D400813B39D2100A75A5D /* CoreVideo.framework */,
				E41D400913B39D2100A75A5D /* MapKit.framework */,
				53F323EA10A20EDB00E0DAE4 /* OpenAL.framework */,
				E4A823A312561BE3002F86A2 /* CoreGraphics.framework */,
				BBE5EAB70F49AD8400F28951 /* AudioToolbox.framework */,
				BB16EBD80F2B2AB500518274 /* QuartzCore.framework */,
				BB16EBD10F2B2A9500518274 /* OpenGLES.framework */,
				1DF5F4DF0D08C38300B7A737 /* UIKit.framework */,
				1D30AB110D05D00D00671497 /* Foundation.framework */,
				288765FC0DF74451002DB57D /* CoreGraphics.framework */,
				5326AEA710A23A0500278DE6 /* CoreLocation.framework */,
				67DFA53419F92A5E003B3434 /* Accelerate.framework */,
			);
			name = "core frameworks";
			sourceTree = "<group>";
		};
		69146F0BA46E48E576618E5E /* libs */ = {
			isa = PBXGroup;
			children = (
				0EF29D3ABD6E4147AE024D7A /* ofxSmartFont */,
			);
			name = libs;
			sourceTree = "<group>";
		};
		6948EE371B920CB800B5AC1A /* local_addons */ = {
			isa = PBXGroup;
			children = (
			);
			name = local_addons;
			sourceTree = "<group>";
		};
		77AD907E5E5FA2D7DB1E611F /* ofxHierarchy */ = {
			isa = PBXGroup;
			children = (
				FFF3D8DD1B67C349C3AE85E5 /* src */,
			);
			name = ofxHierarchy;
			sourceTree = "<group>";
		};
		8870759BC9CAEA1E4E9EA3A8 /* core */ = {
			isa = PBXGroup;
			children = (
				1A3E3B8F332A1A3C7EDF4998 /* ofxDatGuiComponent.cpp */,
				BCC84C6EB3417706F4F762F0 /* ofxDatGuiComponent.h */,
				9B5051062C6A871714E6F5F4 /* ofxDatGuiConstants.h */,
				F59384ED57A7C6A7A8B0351D /* ofxDatGuiEvents.h */,
				422C4E1AAC7EC4D30B17702D /* ofxDatGuiIntObject.h */,
			);
			name = core;
			sourceTree = "<group>";
		};
		911FE1C75E520EE70A7B4830 /* themes */ = {
			isa = PBXGroup;
			children = (
				B498F0559F473CF855EF6062 /* ofxDatGuiTheme.h */,
				21E1E3071CB7B11914428B62 /* ofxDatGuiThemes.h */,
			);
			name = themes;
			sourceTree = "<group>";
		};
		947FCD1248D8B0A16B53C1AA /* components */ = {
			isa = PBXGroup;
			children = (
				902724601B82C6AD81BBCD71 /* ofxDatGui2dPad.h */,
				FDA86F4C2F1F1964D35391C6 /* ofxDatGuiButton.h */,
				C84ED7FCC017328C6F58283D /* ofxDatGuiColorPicker.h */,
				E100ED9DCB412957A879CD5A /* ofxDatGuiControls.h */,
				64C563B8158C37E9D07AE29D /* ofxDatGuiFRM.h */,
				744031A3E8F8DAF9FE6F3EA8 /* ofxDatGuiGroups.h */,
				787315438BF1DD00C81DF413 /* ofxDatGuiLabel.h */,
				CDF7278CB636137FE7BF91A5 /* ofxDatGuiMatrix.h */,
				545BBA6F6669BED2DA497BC6 /* ofxDatGuiScrollView.h */,
				D0D6A66BEBA820EA1D396889 /* ofxDatGuiSlider.h */,
				C085A33340AB0C1DB647AC2F /* ofxDatGuiTextInput.h */,
				04C339FF9ADCF05DF2DA62A3 /* ofxDatGuiTextInputField.h */,
			);
			name = components;
			sourceTree = "<group>";
		};
		BB16E9930F2B1E5900518274 /* libs */ = {
			isa = PBXGroup;
			children = (
				BBE5E94E0F497BD800F28951 /* core */,
			);
			name = libs;
			sourceTree = "<group>";
		};
		BB16F26B0F2B646B00518274 /* addons */ = {
			isa = PBXGroup;
			children = (
				D8DD1043C333F6F63C8685E6 /* ofxDatGui */,
				77AD907E5E5FA2D7DB1E611F /* ofxHierarchy */,
			);
			name = addons;
			sourceTree = "<group>";
		};
		BB24E1F710DAA51900E9C588 /* openFrameworks */ = {
			isa = PBXGroup;
			children = (
				E41D40FD13B3A0D800A75A5D /* iOS+OFLib.xcodeproj */,
				32CA4F630368D1EE00C91783 /* ofxiOS_Prefix.pch */,
				BB24DDC910DA781C00E9C588 /* ofxiOS-Info.plist */,
				E41D3EE513B3906D00A75A5D /* CoreOF.xcconfig */,
				6948EE371B920CB800B5AC1A /* local_addons */,
				E41D3ED613B38FB500A75A5D /* Project.xcconfig */,
			);
			name = openFrameworks;
			sourceTree = "<group>";
		};
		BBE5E94E0F497BD800F28951 /* core */ = {
			isa = PBXGroup;
			children = (
				29B97323FDCFA39411CA2CEA /* core frameworks */,
			);
			name = core;
			sourceTree = "<group>";
		};
		D8DD1043C333F6F63C8685E6 /* ofxDatGui */ = {
			isa = PBXGroup;
			children = (
				E9B32C117486580389FAFF01 /* src */,
			);
			name = ofxDatGui;
			sourceTree = "<group>";
		};
		E41D40FE13B3A0D800A75A5D /* Products */ = {
			isa = PBXGroup;
			children = (
				E41D410213B3A0D800A75A5D /* libofxiOS_iphoneos_Debug.a */,
			);
			name = Products;
			sourceTree = "<group>";
		};
		E4D8936A11527B74007E1F53 /* src */ = {
			isa = PBXGroup;
			children = (
				E930EE071C97556200D74D44 /* lib */,
				E4D8936B11527B74007E1F53 /* main.mm */,
				E4D8936D11527B74007E1F53 /* ofApp.mm */,
				E4D8936C11527B74007E1F53 /* ofApp.h */,
			);
			path = src;
			sourceTree = SOURCE_ROOT;
		};
		E930EE071C97556200D74D44 /* lib */ = {
			isa = PBXGroup;
			children = (
				E930EE081C97556200D74D44 /* AeonKitMapper */,
				E930EE3D1C97556200D74D44 /* AeonNode */,
			);
			path = lib;
			sourceTree = "<group>";
		};
		E930EE081C97556200D74D44 /* AeonKitMapper */ = {
			isa = PBXGroup;
			children = (
				E930EE091C97556200D74D44 /* lib */,
				E930EE0A1C97556200D74D44 /* src */,
			);
			path = AeonKitMapper;
			sourceTree = "<group>";
		};
		E930EE091C97556200D74D44 /* lib */ = {
			isa = PBXGroup;
			children = (
			);
			path = lib;
			sourceTree = "<group>";
		};
		E930EE0A1C97556200D74D44 /* src */ = {
			isa = PBXGroup;
			children = (
				E930EE0B1C97556200D74D44 /* AeonKitMapper.hpp */,
				E930EE0C1C97556200D74D44 /* Module */,
				E930EE371C97556200D74D44 /* ModuleExporter */,
				E930EE3A1C97556200D74D44 /* ModuleImporter */,
			);
			path = src;
			sourceTree = "<group>";
		};
		E930EE0C1C97556200D74D44 /* Module */ = {
			isa = PBXGroup;
			children = (
				E930EE0D1C97556200D74D44 /* Condition */,
				E930EE141C97556200D74D44 /* Hardware */,
				E930EE1F1C97556200D74D44 /* Logic */,
				E930EE221C97556200D74D44 /* Module.cpp */,
				E930EE231C97556200D74D44 /* Module.hpp */,
				E930EE241C97556200D74D44 /* ModuleCore.cpp */,
				E930EE251C97556200D74D44 /* ModuleCore.hpp */,
				E930EE261C97556200D74D44 /* Utility */,
			);
			path = Module;
			sourceTree = "<group>";
		};
		E930EE0D1C97556200D74D44 /* Condition */ = {
			isa = PBXGroup;
			children = (
				E930EE0E1C97556200D74D44 /* ConditionModule.cpp */,
				E930EE0F1C97556200D74D44 /* ConditionModule.hpp */,
			);
			path = Condition;
			sourceTree = "<group>";
		};
		E930EE141C97556200D74D44 /* Hardware */ = {
			isa = PBXGroup;
			children = (
				E930EE151C97556200D74D44 /* DisplayModule */,
				E930EE181C97556200D74D44 /* HardwareModule.cpp */,
				E930EE191C97556200D74D44 /* HardwareModule.hpp */,
				E930EE1A1C97556200D74D44 /* HardwareModuleCore.cpp */,
				E930EE1B1C97556200D74D44 /* HardwareModuleCore.hpp */,
				E930EE1C1C97556200D74D44 /* SensorModule */,
			);
			path = Hardware;
			sourceTree = "<group>";
		};
		E930EE151C97556200D74D44 /* DisplayModule */ = {
			isa = PBXGroup;
			children = (
				E930EE161C97556200D74D44 /* DisplayModule.cpp */,
				E930EE171C97556200D74D44 /* DisplayModule.hpp */,
			);
			path = DisplayModule;
			sourceTree = "<group>";
		};
		E930EE1C1C97556200D74D44 /* SensorModule */ = {
			isa = PBXGroup;
			children = (
				E930EE1D1C97556200D74D44 /* SensorModule.cpp */,
				E930EE1E1C97556200D74D44 /* SensorModule.hpp */,
			);
			path = SensorModule;
			sourceTree = "<group>";
		};
		E930EE1F1C97556200D74D44 /* Logic */ = {
			isa = PBXGroup;
			children = (
				E930EE201C97556200D74D44 /* LogicModule.cpp */,
				E930EE211C97556200D74D44 /* LogicModule.hpp */,
			);
			path = Logic;
			sourceTree = "<group>";
		};
		E930EE261C97556200D74D44 /* Utility */ = {
			isa = PBXGroup;
			children = (
				E930EE271C97556200D74D44 /* CounterModule */,
				E930EE2A1C97556200D74D44 /* HapticPatternGeneratorModule */,
				E930EE2D1C97556200D74D44 /* StringConverterModule */,
				E930EE321C97556200D74D44 /* ValueModule */,
			);
			path = Utility;
			sourceTree = "<group>";
		};
		E930EE271C97556200D74D44 /* CounterModule */ = {
			isa = PBXGroup;
			children = (
				E930EE281C97556200D74D44 /* CounterModule.cpp */,
				E930EE291C97556200D74D44 /* CounterModule.hpp */,
			);
			path = CounterModule;
			sourceTree = "<group>";
		};
		E930EE2A1C97556200D74D44 /* HapticPatternGeneratorModule */ = {
			isa = PBXGroup;
			children = (
				E930EE2B1C97556200D74D44 /* HapticPatternGeneratorModule.cpp */,
				E930EE2C1C97556200D74D44 /* HapticPatternGeneratorModule.hpp */,
			);
			path = HapticPatternGeneratorModule;
			sourceTree = "<group>";
		};
		E930EE2D1C97556200D74D44 /* StringConverterModule */ = {
			isa = PBXGroup;
			children = (
				E930EE301C97556200D74D44 /* StringConverterModule.cpp */,
				E930EE311C97556200D74D44 /* StringConverterModule.hpp */,
			);
			path = StringConverterModule;
			sourceTree = "<group>";
		};
		E930EE321C97556200D74D44 /* ValueModule */ = {
			isa = PBXGroup;
			children = (
				E930EE351C97556200D74D44 /* ValueModule.cpp */,
				E930EE361C97556200D74D44 /* ValueModule.hpp */,
			);
			path = ValueModule;
			sourceTree = "<group>";
		};
		E930EE371C97556200D74D44 /* ModuleExporter */ = {
			isa = PBXGroup;
			children = (
				E930EE381C97556200D74D44 /* ModuleExporter.cpp */,
				E930EE391C97556200D74D44 /* ModuleExporter.hpp */,
			);
			path = ModuleExporter;
			sourceTree = "<group>";
		};
		E930EE3A1C97556200D74D44 /* ModuleImporter */ = {
			isa = PBXGroup;
			children = (
				E930EE3B1C97556200D74D44 /* ModuleImporter.cpp */,
				E930EE3C1C97556200D74D44 /* ModuleImporter.hpp */,
			);
			path = ModuleImporter;
			sourceTree = "<group>";
		};
		E930EE3D1C97556200D74D44 /* AeonNode */ = {
			isa = PBXGroup;
			children = (
				E930EE3E1C97556200D74D44 /* lib */,
				E930EE4B1C97556200D74D44 /* src */,
			);
			path = AeonNode;
			sourceTree = "<group>";
		};
		E930EE3E1C97556200D74D44 /* lib */ = {
			isa = PBXGroup;
			children = (
				E930EE3F1C97556200D74D44 /* thunderclap */,
			);
			path = lib;
			sourceTree = "<group>";
		};
		E930EE3F1C97556200D74D44 /* thunderclap */ = {
			isa = PBXGroup;
			children = (
				E930EE411C97556200D74D44 /* detail */,
				E930EE461C97556200D74D44 /* thunderclap.cpp */,
				E930EE471C97556200D74D44 /* thunderclap.h */,
			);
			path = thunderclap;
			sourceTree = "<group>";
		};
		E930EE411C97556200D74D44 /* detail */ = {
			isa = PBXGroup;
			children = (
			);
			path = detail;
			sourceTree = "<group>";
		};
		E930EE4B1C97556200D74D44 /* src */ = {
			isa = PBXGroup;
			children = (
				E930EE4C1C97556200D74D44 /* Connector.cpp */,
				E930EE4D1C97556200D74D44 /* Connector.hpp */,
				E930EE4E1C97556200D74D44 /* Node.cpp */,
				E930EE4F1C97556200D74D44 /* Node.hpp */,
			);
			path = src;
			sourceTree = "<group>";
		};
		E930EE681C97574700D74D44 /* ofxbraitsch */ = {
			isa = PBXGroup;
			children = (
				E930EE691C97574700D74D44 /* fonts */,
				E930EE6B1C97574700D74D44 /* ofxdatgui */,
			);
			name = ofxbraitsch;
			path = bin/data/ofxbraitsch;
			sourceTree = "<group>";
		};
		E930EE691C97574700D74D44 /* fonts */ = {
			isa = PBXGroup;
			children = (
				E930EE6A1C97574700D74D44 /* Verdana.ttf */,
			);
			path = fonts;
			sourceTree = "<group>";
		};
		E930EE6B1C97574700D74D44 /* ofxdatgui */ = {
			isa = PBXGroup;
			children = (
				E930EE6C1C97574700D74D44 /* icon-dropdown.png */,
				E930EE6D1C97574700D74D44 /* icon-radio-off.png */,
				E930EE6E1C97574700D74D44 /* icon-radio-on.png */,
				E930EE6F1C97574700D74D44 /* picker-rainbow.png */,
			);
			path = ofxdatgui;
			sourceTree = "<group>";
		};
		E9B32C117486580389FAFF01 /* src */ = {
			isa = PBXGroup;
			children = (
				947FCD1248D8B0A16B53C1AA /* components */,
				8870759BC9CAEA1E4E9EA3A8 /* core */,
				69146F0BA46E48E576618E5E /* libs */,
				26490D7CC31EF7D6ED5F925A /* ofxDatGui.cpp */,
				9705D66270ED89ECA6E6FECE /* ofxDatGui.h */,
				911FE1C75E520EE70A7B4830 /* themes */,
			);
			name = src;
			sourceTree = "<group>";
		};
		FFF3D8DD1B67C349C3AE85E5 /* src */ = {
			isa = PBXGroup;
			children = (
				DF027D62430F87942CC96DFC /* ofxHierarchy.cpp */,
				912D52402F936D79D5B87129 /* ofxHierarchy.h */,
			);
			name = src;
			sourceTree = "<group>";
		};
/* End PBXGroup section */

/* Begin PBXNativeTarget section */
		1D6058900D05DD3D006BFB54 /* AeonNodeEditor_iOS */ = {
			isa = PBXNativeTarget;
			buildConfigurationList = 1D6058960D05DD3E006BFB54 /* Build configuration list for PBXNativeTarget "AeonNodeEditor_iOS" */;
			buildPhases = (
				1D60588D0D05DD3D006BFB54 /* Resources */,
				1D60588E0D05DD3D006BFB54 /* Sources */,
				1D60588F0D05DD3D006BFB54 /* Frameworks */,
				9255DD331112741900D6945E /* ShellScript */,
			);
			buildRules = (
			);
			dependencies = (
				E41D410413B3A11300A75A5D /* PBXTargetDependency */,
			);
			name = AeonNodeEditor_iOS;
			productName = iPhone;
			productReference = 1D6058910D05DD3D006BFB54 /* AeonNodeEditor_iOS.app */;
			productType = "com.apple.product-type.application";
		};
/* End PBXNativeTarget section */

/* Begin PBXProject section */
		29B97313FDCFA39411CA2CEA /* Project object */ = {
			isa = PBXProject;
			attributes = {
				LastUpgradeCheck = 0600;
				TargetAttributes = {
					1D6058900D05DD3D006BFB54 = {
						DevelopmentTeam = 3VC35JGS33;
					};
				};
			};
			buildConfigurationList = C01FCF4E08A954540054247B /* Build configuration list for PBXProject "AeonNodeEditor_iOS" */;
			compatibilityVersion = "Xcode 3.2";
			developmentRegion = English;
			hasScannedForEncodings = 1;
			knownRegions = (
				English,
				Japanese,
				French,
				German,
			);
			mainGroup = 29B97314FDCFA39411CA2CEA /* CustomTemplate */;
			projectDirPath = "";
			projectReferences = (
				{
					ProductGroup = E41D40FE13B3A0D800A75A5D /* Products */;
					ProjectRef = E41D40FD13B3A0D800A75A5D /* iOS+OFLib.xcodeproj */;
				},
			);
			projectRoot = "";
			targets = (
				1D6058900D05DD3D006BFB54 /* AeonNodeEditor_iOS */,
			);
		};
/* End PBXProject section */

/* Begin PBXReferenceProxy section */
		E41D410213B3A0D800A75A5D /* libofxiOS_iphoneos_Debug.a */ = {
			isa = PBXReferenceProxy;
			fileType = archive.ar;
			path = libofxiOS_iphoneos_Debug.a;
			remoteRef = E41D410113B3A0D800A75A5D /* PBXContainerItemProxy */;
			sourceTree = BUILT_PRODUCTS_DIR;
		};
/* End PBXReferenceProxy section */

/* Begin PBXResourcesBuildPhase section */
		1D60588D0D05DD3D006BFB54 /* Resources */ = {
			isa = PBXResourcesBuildPhase;
			buildActionMask = 2147483647;
			files = (
				678E130817951530005B6D19 /* Icon@2x.png in Resources */,
				E930EE751C97574700D74D44 /* picker-rainbow.png in Resources */,
				678E130A17951536005B6D19 /* Icon.png in Resources */,
				E930EE711C97574700D74D44 /* Verdana.ttf in Resources */,
				678E130C1795153C005B6D19 /* Default.png in Resources */,
				678E130E17951540005B6D19 /* Default@2x.png in Resources */,
				E930EE731C97574700D74D44 /* icon-radio-off.png in Resources */,
				E930EE701C97574700D74D44 /* arial.ttf in Resources */,
				678E131017951549005B6D19 /* Default-568h@2x~iphone.png in Resources */,
				E930EE721C97574700D74D44 /* icon-dropdown.png in Resources */,
				E930EE741C97574700D74D44 /* icon-radio-on.png in Resources */,
			);
			runOnlyForDeploymentPostprocessing = 0;
		};
/* End PBXResourcesBuildPhase section */

/* Begin PBXShellScriptBuildPhase section */
		9255DD331112741900D6945E /* ShellScript */ = {
			isa = PBXShellScriptBuildPhase;
			buildActionMask = 2147483647;
			files = (
			);
			inputPaths = (
			);
			outputPaths = (
			);
			runOnlyForDeploymentPostprocessing = 0;
			shellPath = /bin/sh;
			shellScript = "rsync -avz --exclude='.DS_Store' \"${SRCROOT}/bin/data/\" \"${TARGET_BUILD_DIR}/${UNLOCALIZED_RESOURCES_FOLDER_PATH}\"";
		};
/* End PBXShellScriptBuildPhase section */

/* Begin PBXSourcesBuildPhase section */
		1D60588E0D05DD3D006BFB54 /* Sources */ = {
			isa = PBXSourcesBuildPhase;
			buildActionMask = 2147483647;
			files = (
				E930EE571C97556200D74D44 /* ModuleCore.cpp in Sources */,
				E930EE551C97556200D74D44 /* LogicModule.cpp in Sources */,
				E930EE621C97556200D74D44 /* thunderclap.cpp in Sources */,
				E930EE5A1C97556200D74D44 /* StringConverterModule.cpp in Sources */,
				E930EE5C1C97556200D74D44 /* ModuleExporter.cpp in Sources */,
				E930EE501C97556200D74D44 /* ConditionModule.cpp in Sources */,
				E930EE521C97556200D74D44 /* HardwareModule.cpp in Sources */,
				E930EE531C97556200D74D44 /* HardwareModuleCore.cpp in Sources */,
				E930EE5D1C97556200D74D44 /* ModuleImporter.cpp in Sources */,
				E930EE641C97556200D74D44 /* Node.cpp in Sources */,
				E4D8936E11527B74007E1F53 /* main.mm in Sources */,
				E4D8936F11527B74007E1F53 /* ofApp.mm in Sources */,
				E930EE541C97556200D74D44 /* SensorModule.cpp in Sources */,
				D3C1C48E59CAA2D68C0DD477 /* ofxDatGuiComponent.cpp in Sources */,
				E930EE631C97556200D74D44 /* Connector.cpp in Sources */,
				E930EE561C97556200D74D44 /* Module.cpp in Sources */,
				E930EE5B1C97556200D74D44 /* ValueModule.cpp in Sources */,
				E930EE591C97556200D74D44 /* HapticPatternGeneratorModule.cpp in Sources */,
				9CF4130A7E6DA19A3DC42B9A /* ofxSmartFont.cpp in Sources */,
				C9466C434D1CF8AB968D298D /* ofxDatGui.cpp in Sources */,
				E930EE511C97556200D74D44 /* DisplayModule.cpp in Sources */,
				E930EE581C97556200D74D44 /* CounterModule.cpp in Sources */,
				F22AEE6ED97C684907181FE9 /* ofxHierarchy.cpp in Sources */,
			);
			runOnlyForDeploymentPostprocessing = 0;
		};
/* End PBXSourcesBuildPhase section */

/* Begin PBXTargetDependency section */
		E41D410413B3A11300A75A5D /* PBXTargetDependency */ = {
			isa = PBXTargetDependency;
			name = "iPhone+OF Static Library";
			targetProxy = E41D410313B3A11300A75A5D /* PBXContainerItemProxy */;
		};
/* End PBXTargetDependency section */

/* Begin XCBuildConfiguration section */
		1D6058940D05DD3E006BFB54 /* Debug */ = {
			isa = XCBuildConfiguration;
			buildSettings = {
				ALWAYS_SEARCH_USER_PATHS = NO;
				CODE_SIGN_IDENTITY = "iPhone Developer";
				GCC_PRECOMPILE_PREFIX_HEADER = YES;
				GCC_PREFIX_HEADER = ofxiOS_Prefix.pch;
				"GCC_WARN_64_TO_32_BIT_CONVERSION[arch=*64]" = NO;
				HEADER_SEARCH_PATHS = (
					"$(OF_CORE_HEADERS)",
					../../../addons/ofxDatGui/src,
					../../../addons/ofxDatGui/src/components,
					../../../addons/ofxDatGui/src/core,
					../../../addons/ofxDatGui/src/libs,
					../../../addons/ofxDatGui/src/libs/ofxSmartFont,
					../../../addons/ofxDatGui/src/themes,
					../../../addons/ofxHierarchy/src,
					"$(SRCROOT)/../../../addons/ofxiOSBoost/libs/boost/include",
				);
				INFOPLIST_FILE = "ofxiOS-Info.plist";
				IPHONEOS_DEPLOYMENT_TARGET = 5.1.1;
				LIBRARY_SEARCH_PATHS = "$(SRCROOT)/../../../addons/ofxiOSBoost/libs/boost/lib/ios";
				PRODUCT_BUNDLE_IDENTIFIER = AeonNodeEditoriOS;
				PRODUCT_NAME = "${TARGET_NAME}";
				TARGETED_DEVICE_FAMILY = "1,2";
				VALID_ARCHS = "$(ARCHS_STANDARD)";
			};
			name = Debug;
		};
		1D6058950D05DD3E006BFB54 /* Release */ = {
			isa = XCBuildConfiguration;
			buildSettings = {
				CODE_SIGN_IDENTITY = "iPhone Developer";
				GCC_PRECOMPILE_PREFIX_HEADER = YES;
				GCC_PREFIX_HEADER = ofxiOS_Prefix.pch;
				"GCC_WARN_64_TO_32_BIT_CONVERSION[arch=*64]" = NO;
				HEADER_SEARCH_PATHS = (
					"$(OF_CORE_HEADERS)",
					../../../addons/ofxDatGui/src,
					../../../addons/ofxDatGui/src/components,
					../../../addons/ofxDatGui/src/core,
					../../../addons/ofxDatGui/src/libs,
					../../../addons/ofxDatGui/src/libs/ofxSmartFont,
					../../../addons/ofxDatGui/src/themes,
					../../../addons/ofxHierarchy/src,
					"$(SRCROOT)/../../../addons/ofxiOSBoost/libs/boost/include",
				);
				INFOPLIST_FILE = "ofxiOS-Info.plist";
				IPHONEOS_DEPLOYMENT_TARGET = 5.1.1;
				LIBRARY_SEARCH_PATHS = "$(SRCROOT)/../../../addons/ofxiOSBoost/libs/boost/lib/ios";
				PRODUCT_BUNDLE_IDENTIFIER = AeonNodeEditoriOS;
				PRODUCT_NAME = "${TARGET_NAME}";
				TARGETED_DEVICE_FAMILY = "1,2";
				VALID_ARCHS = "$(ARCHS_STANDARD)";
			};
			name = Release;
		};
		C01FCF4F08A954540054247B /* Debug */ = {
			isa = XCBuildConfiguration;
			baseConfigurationReference = E41D3ED613B38FB500A75A5D /* Project.xcconfig */;
			buildSettings = {
				ALWAYS_SEARCH_USER_PATHS = YES;
				CLANG_CXX_LIBRARY = "libc++";
				CODE_SIGN_IDENTITY = "";
				"CODE_SIGN_IDENTITY[sdk=iphoneos*]" = "iPhone Developer";
				"CODE_SIGN_IDENTITY[sdk=iphonesimulator*]" = "";
				COMPRESS_PNG_FILES = NO;
				GCC_C_LANGUAGE_STANDARD = c11;
				GCC_OPTIMIZATION_LEVEL = 0;
				GCC_SYMBOLS_PRIVATE_EXTERN = NO;
				"GCC_WARN_64_TO_32_BIT_CONVERSION[arch=*64]" = NO;
				GCC_WARN_ABOUT_INVALID_OFFSETOF_MACRO = NO;
				GCC_WARN_ABOUT_POINTER_SIGNEDNESS = NO;
				GCC_WARN_ABOUT_RETURN_TYPE = YES;
				GCC_WARN_ALLOW_INCOMPLETE_PROTOCOL = NO;
				GCC_WARN_PROTOTYPE_CONVERSION = NO;
				GCC_WARN_UNUSED_VARIABLE = YES;
				HEADER_SEARCH_PATHS = (
					"$(OF_CORE_HEADERS)",
					../../../addons/ofxDatGui/src,
					../../../addons/ofxDatGui/src/components,
					../../../addons/ofxDatGui/src/core,
					../../../addons/ofxDatGui/src/libs,
					../../../addons/ofxDatGui/src/libs/ofxSmartFont,
					../../../addons/ofxDatGui/src/themes,
					../../../addons/ofxHierarchy/src,
				);
				IPHONEOS_DEPLOYMENT_TARGET = 5.1.1;
				ONLY_ACTIVE_ARCH = NO;
				"PROVISIONING_PROFILE[sdk=iphoneos*]" = "";
				SDKROOT = iphoneos;
				TARGETED_DEVICE_FAMILY = 1;
				VALID_ARCHS = "$(ARCHS_STANDARD)";
				WARNING_LDFLAGS = "-no_arch_warnings";
			};
			name = Debug;
		};
		C01FCF5008A954540054247B /* Release */ = {
			isa = XCBuildConfiguration;
			baseConfigurationReference = E41D3ED613B38FB500A75A5D /* Project.xcconfig */;
			buildSettings = {
				ALWAYS_SEARCH_USER_PATHS = YES;
				CLANG_CXX_LIBRARY = "libc++";
				CODE_SIGN_IDENTITY = "";
				"CODE_SIGN_IDENTITY[sdk=iphoneos*]" = "iPhone Developer";
				"CODE_SIGN_IDENTITY[sdk=iphonesimulator*]" = "";
				COMPRESS_PNG_FILES = NO;
				GCC_C_LANGUAGE_STANDARD = c11;
				GCC_DYNAMIC_NO_PIC = NO;
				GCC_GENERATE_DEBUGGING_SYMBOLS = NO;
				GCC_OPTIMIZATION_LEVEL = s;
				GCC_SYMBOLS_PRIVATE_EXTERN = NO;
				GCC_THUMB_SUPPORT = NO;
				"GCC_WARN_64_TO_32_BIT_CONVERSION[arch=*64]" = NO;
				GCC_WARN_ABOUT_RETURN_TYPE = YES;
				GCC_WARN_UNUSED_VARIABLE = YES;
				HEADER_SEARCH_PATHS = (
					"$(OF_CORE_HEADERS)",
					../../../addons/ofxDatGui/src,
					../../../addons/ofxDatGui/src/components,
					../../../addons/ofxDatGui/src/core,
					../../../addons/ofxDatGui/src/libs,
					../../../addons/ofxDatGui/src/libs/ofxSmartFont,
					../../../addons/ofxDatGui/src/themes,
					../../../addons/ofxHierarchy/src,
				);
				IPHONEOS_DEPLOYMENT_TARGET = 5.1.1;
				ONLY_ACTIVE_ARCH = NO;
				SDKROOT = iphoneos;
				TARGETED_DEVICE_FAMILY = 1;
				VALID_ARCHS = "$(ARCHS_STANDARD)";
				WARNING_LDFLAGS = "-no_arch_warnings";
			};
			name = Release;
		};
/* End XCBuildConfiguration section */

/* Begin XCConfigurationList section */
		1D6058960D05DD3E006BFB54 /* Build configuration list for PBXNativeTarget "AeonNodeEditor_iOS" */ = {
			isa = XCConfigurationList;
			buildConfigurations = (
				1D6058940D05DD3E006BFB54 /* Debug */,
				1D6058950D05DD3E006BFB54 /* Release */,
			);
			defaultConfigurationIsVisible = 0;
			defaultConfigurationName = Release;
		};
		C01FCF4E08A954540054247B /* Build configuration list for PBXProject "AeonNodeEditor_iOS" */ = {
			isa = XCConfigurationList;
			buildConfigurations = (
				C01FCF4F08A954540054247B /* Debug */,
				C01FCF5008A954540054247B /* Release */,
			);
			defaultConfigurationIsVisible = 0;
			defaultConfigurationName = Release;
		};
/* End XCConfigurationList section */
	};
	rootObject = 29B97313FDCFA39411CA2CEA /* Project object */;
}
